
Microsoft Visual Studio Solution File, Format Version 12.00
# Visual Studio Express 2012 for Web
Project("{FAE04EC0-301F-11D3-BF4B-00C04F79EFBC}") = "Municipality.Data", "Municipality.Data\Municipality.Data.csproj", "{1DE9A63A-1687-4510-A644-C1623F8BF74E}"
EndProject
Project("{FAE04EC0-301F-11D3-BF4B-00C04F79EFBC}") = "MunicipalityWebService", "MunicipalityWebService\MunicipalityWebService.csproj", "{555CEC2C-0914-45A2-BAB9-01C1CB820064}"
EndProject
Project("{FAE04EC0-301F-11D3-BF4B-00C04F79EFBC}") = "Municipality.Admin", "Municipality.Admin\Municipality.Admin.csproj", "{0B5C706A-1F24-448A-9140-E8715C625847}"
	ProjectSection(ProjectDependencies) = postProject
		{555CEC2C-0914-45A2-BAB9-01C1CB820064} = {555CEC2C-0914-45A2-BAB9-01C1CB820064}
	EndProjectSection
EndProject
Project("{FAE04EC0-301F-11D3-BF4B-00C04F79EFBC}") = "Manupality.Web", "Manupality.Web\Manupality.Web.csproj", "{4186C43C-8F40-4B16-8D27-3A1A46D734E8}"
EndProject
Global
	GlobalSection(TeamFoundationVersionControl) = preSolution
		SccNumberOfProjects = 5
		SccEnterpriseProvider = {4CA58AB2-18FA-4F8D-95D4-32DDF27D184C}
		SccTeamFoundationServer = https://mobilethinks.visualstudio.com/defaultcollection
		SccLocalPath0 = .
		SccProjectUniqueName1 = Manupality.Web\\Manupality.Web.csproj
		SccProjectName1 = Manupality.Web
		SccLocalPath1 = Manupality.Web
		SccProjectUniqueName2 = Municipality.Admin\\Municipality.Admin.csproj
		SccProjectName2 = Municipality.Admin
		SccLocalPath2 = Municipality.Admin
		SccProjectUniqueName3 = Municipality.Data\\Municipality.Data.csproj
		SccProjectName3 = Municipality.Data
		SccLocalPath3 = Municipality.Data
		SccProjectUniqueName4 = MunicipalityWebService\\MunicipalityWebService.csproj
		SccProjectName4 = MunicipalityWebService
		SccLocalPath4 = MunicipalityWebService
	EndGlobalSection
	GlobalSection(SolutionConfigurationPlatforms) = preSolution
		Debug|Any CPU = Debug|Any CPU
		Release|Any CPU = Release|Any CPU
	EndGlobalSection
	GlobalSection(ProjectConfigurationPlatforms) = postSolution
		{1DE9A63A-1687-4510-A644-C1623F8BF74E}.Debug|Any CPU.ActiveCfg = Debug|Any CPU
		{1DE9A63A-1687-4510-A644-C1623F8BF74E}.Debug|Any CPU.Build.0 = Debug|Any CPU
		{1DE9A63A-1687-4510-A644-C1623F8BF74E}.Release|Any CPU.ActiveCfg = Release|Any CPU
		{1DE9A63A-1687-4510-A644-C1623F8BF74E}.Release|Any CPU.Build.0 = Release|Any CPU
		{555CEC2C-0914-45A2-BAB9-01C1CB820064}.Debug|Any CPU.ActiveCfg = Debug|Any CPU
		{555CEC2C-0914-45A2-BAB9-01C1CB820064}.Debug|Any CPU.Build.0 = Debug|Any CPU
		{555CEC2C-0914-45A2-BAB9-01C1CB820064}.Release|Any CPU.ActiveCfg = Release|Any CPU
		{555CEC2C-0914-45A2-BAB9-01C1CB820064}.Release|Any CPU.Build.0 = Release|Any CPU
		{0B5C706A-1F24-448A-9140-E8715C625847}.Debug|Any CPU.ActiveCfg = Debug|Any CPU
		{0B5C706A-1F24-448A-9140-E8715C625847}.Debug|Any CPU.Build.0 = Debug|Any CPU
		{0B5C706A-1F24-448A-9140-E8715C625847}.Release|Any CPU.ActiveCfg = Release|Any CPU
		{0B5C706A-1F24-448A-9140-E8715C625847}.Release|Any CPU.Build.0 = Release|Any CPU
		{4186C43C-8F40-4B16-8D27-3A1A46D734E8}.Debug|Any CPU.ActiveCfg = Debug|Any CPU
		{4186C43C-8F40-4B16-8D27-3A1A46D734E8}.Debug|Any CPU.Build.0 = Debug|Any CPU
		{4186C43C-8F40-4B16-8D27-3A1A46D734E8}.Release|Any CPU.ActiveCfg = Release|Any CPU
		{4186C43C-8F40-4B16-8D27-3A1A46D734E8}.Release|Any CPU.Build.0 = Release|Any CPU
	EndGlobalSection
	GlobalSection(SolutionProperties) = preSolution
		HideSolutionNode = FALSE
	EndGlobalSection
EndGlobal
